
Microsoft Visual Studio Solution File, Format Version 12.00
# Visual Studio Version 17
VisualStudioVersion = 17.6.33723.286
MinimumVisualStudioVersion = 10.0.40219.1
Project("{FAE04EC0-301F-11D3-BF4B-00C04F79EFBC}") = "Core", "Core\Core.csproj", "{7DF06F8B-2988-4972-B8FC-CD1C5E9AE5B9}"
EndProject
Project("{FAE04EC0-301F-11D3-BF4B-00C04F79EFBC}") = "TestCases", "TestCases\TestCases.csproj", "{1415CBA6-ACCD-49F4-BAC5-19CF1E1118DB}"
EndProject
Project("{FAE04EC0-301F-11D3-BF4B-00C04F79EFBC}") = "BussinesObject", "BussinesObject\BussinesObject.csproj", "{B14A1826-091A-41BD-BD6A-428974EEE06C}"
EndProject
Global
	GlobalSection(SolutionConfigurationPlatforms) = preSolution
		Debug|Any CPU = Debug|Any CPU
		Release|Any CPU = Release|Any CPU
	EndGlobalSection
	GlobalSection(ProjectConfigurationPlatforms) = postSolution
		{7DF06F8B-2988-4972-B8FC-CD1C5E9AE5B9}.Debug|Any CPU.ActiveCfg = Debug|Any CPU
		{7DF06F8B-2988-4972-B8FC-CD1C5E9AE5B9}.Debug|Any CPU.Build.0 = Debug|Any CPU
		{7DF06F8B-2988-4972-B8FC-CD1C5E9AE5B9}.Release|Any CPU.ActiveCfg = Release|Any CPU
		{7DF06F8B-2988-4972-B8FC-CD1C5E9AE5B9}.Release|Any CPU.Build.0 = Release|Any CPU
		{1415CBA6-ACCD-49F4-BAC5-19CF1E1118DB}.Debug|Any CPU.ActiveCfg = Debug|Any CPU
		{1415CBA6-ACCD-49F4-BAC5-19CF1E1118DB}.Debug|Any CPU.Build.0 = Debug|Any CPU
		{1415CBA6-ACCD-49F4-BAC5-19CF1E1118DB}.Release|Any CPU.ActiveCfg = Release|Any CPU
		{1415CBA6-ACCD-49F4-BAC5-19CF1E1118DB}.Release|Any CPU.Build.0 = Release|Any CPU
		{B14A1826-091A-41BD-BD6A-428974EEE06C}.Debug|Any CPU.ActiveCfg = Debug|Any CPU
		{B14A1826-091A-41BD-BD6A-428974EEE06C}.Debug|Any CPU.Build.0 = Debug|Any CPU
		{B14A1826-091A-41BD-BD6A-428974EEE06C}.Release|Any CPU.ActiveCfg = Release|Any CPU
		{B14A1826-091A-41BD-BD6A-428974EEE06C}.Release|Any CPU.Build.0 = Release|Any CPU
	EndGlobalSection
	GlobalSection(SolutionProperties) = preSolution
		HideSolutionNode = FALSE
	EndGlobalSection
	GlobalSection(ExtensibilityGlobals) = postSolution
		SolutionGuid = {E73E38AF-A923-4B35-A379-01BB441218BD}
	EndGlobalSection
EndGlobal
